
Microsoft Visual Studio Solution File, Format Version 12.00
# Visual Studio Version 17
VisualStudioVersion = 17.5.33516.290
MinimumVisualStudioVersion = 10.0.40219.1
Project("{9A19103F-16F7-4668-BE54-9A1E7A4F7556}") = "EnglishCenterManagement", "Backend\EnglishCenterManagement\EnglishCenterManagement.csproj", "{4DB1D6DA-92A3-4CDA-B07C-CAF47043DF3D}"
EndProject
Global
	GlobalSection(SolutionConfigurationPlatforms) = preSolution
		Debug|Any CPU = Debug|Any CPU
		Release|Any CPU = Release|Any CPU
	EndGlobalSection
	GlobalSection(ProjectConfigurationPlatforms) = postSolution
		{4DB1D6DA-92A3-4CDA-B07C-CAF47043DF3D}.Debug|Any CPU.ActiveCfg = Debug|Any CPU
		{4DB1D6DA-92A3-4CDA-B07C-CAF47043DF3D}.Debug|Any CPU.Build.0 = Debug|Any CPU
		{4DB1D6DA-92A3-4CDA-B07C-CAF47043DF3D}.Release|Any CPU.ActiveCfg = Release|Any CPU
		{4DB1D6DA-92A3-4CDA-B07C-CAF47043DF3D}.Release|Any CPU.Build.0 = Release|Any CPU
		{787963EA-9482-4375-864D-315642BBA643}.Debug|Any CPU.ActiveCfg = Debug|Any CPU
		{787963EA-9482-4375-864D-315642BBA643}.Debug|Any CPU.Build.0 = Debug|Any CPU
		{787963EA-9482-4375-864D-315642BBA643}.Release|Any CPU.ActiveCfg = Release|Any CPU
		{787963EA-9482-4375-864D-315642BBA643}.Release|Any CPU.Build.0 = Release|Any CPU
	EndGlobalSection
	GlobalSection(SolutionProperties) = preSolution
		HideSolutionNode = FALSE
	EndGlobalSection
	GlobalSection(ExtensibilityGlobals) = postSolution
		SolutionGuid = {1933E31B-CFE7-4ADB-890A-6E93280EBC4C}
	EndGlobalSection
EndGlobal
